
Microsoft Visual Studio Solution File, Format Version 12.00
# Visual Studio Version 17
VisualStudioVersion = 17.6.33829.357
MinimumVisualStudioVersion = 10.0.40219.1
Project("{FAE04EC0-301F-11D3-BF4B-00C04F79EFBC}") = "CoffeeShopApp", "CoffeeShopApp\CoffeeShopApp.csproj", "{A8F47E4A-95A2-4A0C-8894-EAD695FA131D}"
EndProject
Project("{FAE04EC0-301F-11D3-BF4B-00C04F79EFBC}") = "CoffeeShopTests", "CoffeeShopTests\CoffeeShopTests.csproj", "{01FFF926-D574-4E4B-A295-420E3C6E8912}"
EndProject
Global
	GlobalSection(SolutionConfigurationPlatforms) = preSolution
		Debug|Any CPU = Debug|Any CPU
		Release|Any CPU = Release|Any CPU
	EndGlobalSection
	GlobalSection(ProjectConfigurationPlatforms) = postSolution
		{A8F47E4A-95A2-4A0C-8894-EAD695FA131D}.Debug|Any CPU.ActiveCfg = Debug|Any CPU
		{A8F47E4A-95A2-4A0C-8894-EAD695FA131D}.Debug|Any CPU.Build.0 = Debug|Any CPU
		{A8F47E4A-95A2-4A0C-8894-EAD695FA131D}.Release|Any CPU.ActiveCfg = Release|Any CPU
		{A8F47E4A-95A2-4A0C-8894-EAD695FA131D}.Release|Any CPU.Build.0 = Release|Any CPU
		{01FFF926-D574-4E4B-A295-420E3C6E8912}.Debug|Any CPU.ActiveCfg = Debug|Any CPU
		{01FFF926-D574-4E4B-A295-420E3C6E8912}.Debug|Any CPU.Build.0 = Debug|Any CPU
		{01FFF926-D574-4E4B-A295-420E3C6E8912}.Release|Any CPU.ActiveCfg = Release|Any CPU
		{01FFF926-D574-4E4B-A295-420E3C6E8912}.Release|Any CPU.Build.0 = Release|Any CPU
	EndGlobalSection
	GlobalSection(SolutionProperties) = preSolution
		HideSolutionNode = FALSE
	EndGlobalSection
	GlobalSection(ExtensibilityGlobals) = postSolution
		SolutionGuid = {2726445A-6D02-4807-9453-B8F142E8B86C}
	EndGlobalSection
EndGlobal
